
Microsoft Visual Studio Solution File, Format Version 12.00
# Visual Studio 15
VisualStudioVersion = 15.0.27703.2035
MinimumVisualStudioVersion = 10.0.40219.1
Project("{FAE04EC0-301F-11D3-BF4B-00C04F79EFBC}") = "PreventEXE", "PreventEXE\PreventEXE.csproj", "{8B9E6DEE-0452-46E5-ACE2-B5F22234277E}"
EndProject
Global
	GlobalSection(SolutionConfigurationPlatforms) = preSolution
		Debug|Any CPU = Debug|Any CPU
		Release|Any CPU = Release|Any CPU
	EndGlobalSection
	GlobalSection(ProjectConfigurationPlatforms) = postSolution
		{8B9E6DEE-0452-46E5-ACE2-B5F22234277E}.Debug|Any CPU.ActiveCfg = Debug|Any CPU
		{8B9E6DEE-0452-46E5-ACE2-B5F22234277E}.Debug|Any CPU.Build.0 = Debug|Any CPU
		{8B9E6DEE-0452-46E5-ACE2-B5F22234277E}.Release|Any CPU.ActiveCfg = Release|Any CPU
		{8B9E6DEE-0452-46E5-ACE2-B5F22234277E}.Release|Any CPU.Build.0 = Release|Any CPU
	EndGlobalSection
	GlobalSection(SolutionProperties) = preSolution
		HideSolutionNode = FALSE
	EndGlobalSection
	GlobalSection(ExtensibilityGlobals) = postSolution
		SolutionGuid = {EF69D2A5-096C-4158-9FEF-DD591BEF35D7}
	EndGlobalSection
EndGlobal
